// !$*UTF8*$!
{
	archiveVersion = 1;
	classes = {
	};
	objectVersion = 77;
	objects = {

/* Begin PBXBuildFile section */
		ED1EEC922FB3688F002B3BF6 /* Assets.xcassets in Resources */ = {isa = PBXBuildFile; fileRef = ED1EEC892FB3688F002B3BF6 /* Assets.xcassets */; };
		ED1EEC942FB3688F002B3BF6 /* LaunchScreen.storyboard in Resources */ = {isa = PBXBuildFile; fileRef = ED1EEC8C2FB3688F002B3BF6 /* LaunchScreen.storyboard */; };
		ED1EEC962FB3688F002B3BF6 /* AppDelegate.swift in Sources */ = {isa = PBXBuildFile; fileRef = ED1EEC882FB3688F002B3BF6 /* AppDelegate.swift */; };
		ED1EEC972FB3688F002B3BF6 /* SceneDelegate.swift in Sources */ = {isa = PBXBuildFile; fileRef = ED1EEC8F2FB3688F002B3BF6 /* SceneDelegate.swift */; };
		ED1EEC982FB3688F002B3BF6 /* ViewController.swift in Sources */ = {isa = PBXBuildFile; fileRef = ED1EEC902FB3688F002B3BF6 /* ViewController.swift */; };
		ED1EEC9F2FB36C97002B3BF6 /* CustomTabBarVC.swift in Sources */ = {isa = PBXBuildFile; fileRef = ED1EEC9E2FB36C97002B3BF6 /* CustomTabBarVC.swift */; };
		ED1EECA22FB36CAB002B3BF6 /* CustomTabBarView.swift in Sources */ = {isa = PBXBuildFile; fileRef = ED1EECA12FB36CAA002B3BF6 /* CustomTabBarView.swift */; };
		ED1EECA62FB36CEC002B3BF6 /* TeamsVC.swift in Sources */ = {isa = PBXBuildFile; fileRef = ED1EECA52FB36CEC002B3BF6 /* TeamsVC.swift */; };
		ED1EECA92FB36CFD002B3BF6 /* TeamsView.swift in Sources */ = {isa = PBXBuildFile; fileRef = ED1EECA82FB36CFD002B3BF6 /* TeamsView.swift */; };
		ED1EECAC2FB36D16002B3BF6 /* TournamentsVC.swift in Sources */ = {isa = PBXBuildFile; fileRef = ED1EECAB2FB36D16002B3BF6 /* TournamentsVC.swift */; };
		ED1EECAF2FB36D25002B3BF6 /* TournamentsView.swift in Sources */ = {isa = PBXBuildFile; fileRef = ED1EECAE2FB36D25002B3BF6 /* TournamentsView.swift */; };
		ED1EECB22FB36D3F002B3BF6 /* ProfileVC.swift in Sources */ = {isa = PBXBuildFile; fileRef = ED1EECB12FB36D3F002B3BF6 /* ProfileVC.swift */; };
		ED1EECB52FB36D4E002B3BF6 /* ProfileView.swift in Sources */ = {isa = PBXBuildFile; fileRef = ED1EECB42FB36D4E002B3BF6 /* ProfileView.swift */; };
		ED1EECBA2FB36D8D002B3BF6 /* NewTournamentVC.swift in Sources */ = {isa = PBXBuildFile; fileRef = ED1EECB92FB36D8D002B3BF6 /* NewTournamentVC.swift */; };
		ED1EECBD2FB36DB2002B3BF6 /* NewTournamentView.swift in Sources */ = {isa = PBXBuildFile; fileRef = ED1EECBC2FB36DB1002B3BF6 /* NewTournamentView.swift */; };
		ED1EECC02FB36EAF002B3BF6 /* CreateTeamVC.swift in Sources */ = {isa = PBXBuildFile; fileRef = ED1EECBF2FB36EAE002B3BF6 /* CreateTeamVC.swift */; };
		ED1EECC32FB36EC8002B3BF6 /* CreateTeamView.swift in Sources */ = {isa = PBXBuildFile; fileRef = ED1EECC22FB36EC8002B3BF6 /* CreateTeamView.swift */; };
		ED1EECC62FB37174002B3BF6 /* OnboardingVC.swift in Sources */ = {isa = PBXBuildFile; fileRef = ED1EECC52FB37174002B3BF6 /* OnboardingVC.swift */; };
		ED1EECC92FB37184002B3BF6 /* OnboardingView.swift in Sources */ = {isa = PBXBuildFile; fileRef = ED1EECC82FB37184002B3BF6 /* OnboardingView.swift */; };
		ED1EECCC2FB371E7002B3BF6 /* PlayerCardVC.swift in Sources */ = {isa = PBXBuildFile; fileRef = ED1EECCB2FB371E7002B3BF6 /* PlayerCardVC.swift */; };
		ED1EECCF2FB371FB002B3BF6 /* PlayerCardView.swift in Sources */ = {isa = PBXBuildFile; fileRef = ED1EECCE2FB371FB002B3BF6 /* PlayerCardView.swift */; };
		ED1EECD22FB372F7002B3BF6 /* AddPlayerVC.swift in Sources */ = {isa = PBXBuildFile; fileRef = ED1EECD12FB372F7002B3BF6 /* AddPlayerVC.swift */; };
		ED1EECD52FB37307002B3BF6 /* AddPlayerView.swift in Sources */ = {isa = PBXBuildFile; fileRef = ED1EECD42FB37306002B3BF6 /* AddPlayerView.swift */; };
		ED1EECDB2FB375D9002B3BF6 /* SnapKit in Frameworks */ = {isa = PBXBuildFile; productRef = ED1EECDA2FB375D9002B3BF6 /* SnapKit */; };
		ED1EECDE2FB375FF002B3BF6 /* FirebaseMessaging in Frameworks */ = {isa = PBXBuildFile; productRef = ED1EECDD2FB375FF002B3BF6 /* FirebaseMessaging */; };
		ED1EECE02FB375FF002B3BF6 /* FirebaseRemoteConfig in Frameworks */ = {isa = PBXBuildFile; productRef = ED1EECDF2FB375FF002B3BF6 /* FirebaseRemoteConfig */; };
		ED1EECE22FB3780D002B3BF6 /* RemoteConfigService.swift in Sources */ = {isa = PBXBuildFile; fileRef = ED1EECE12FB37807002B3BF6 /* RemoteConfigService.swift */; };
		ED1EECE42FB37F66002B3BF6 /* GoogleService-Info.plist in Resources */ = {isa = PBXBuildFile; fileRef = ED1EECE32FB37F66002B3BF6 /* GoogleService-Info.plist */; };
		ED1EECE62FB38500002B3BF6 /* UIView.swift in Sources */ = {isa = PBXBuildFile; fileRef = ED1EECE52FB384FB002B3BF6 /* UIView.swift */; };
/* End PBXBuildFile section */

/* Begin PBXFileReference section */
		ED1EEC702FB36889002B3BF6 /* ProMatch.app */ = {isa = PBXFileReference; explicitFileType = wrapper.application; includeInIndex = 0; path = ProMatch.app; sourceTree = BUILT_PRODUCTS_DIR; };
		ED1EEC882FB3688F002B3BF6 /* AppDelegate.swift */ = {isa = PBXFileReference; lastKnownFileType = sourcecode.swift; path = AppDelegate.swift; sourceTree = "<group>"; };
		ED1EEC892FB3688F002B3BF6 /* Assets.xcassets */ = {isa = PBXFileReference; lastKnownFileType = folder.assetcatalog; path = Assets.xcassets; sourceTree = "<group>"; };
		ED1EEC8A2FB3688F002B3BF6 /* Info.plist */ = {isa = PBXFileReference; lastKnownFileType = text.plist.xml; path = Info.plist; sourceTree = "<group>"; };
		ED1EEC8B2FB3688F002B3BF6 /* Base */ = {isa = PBXFileReference; lastKnownFileType = file.storyboard; name = Base; path = Base.lproj/LaunchScreen.storyboard; sourceTree = "<group>"; };
		ED1EEC8F2FB3688F002B3BF6 /* SceneDelegate.swift */ = {isa = PBXFileReference; lastKnownFileType = sourcecode.swift; path = SceneDelegate.swift; sourceTree = "<group>"; };
		ED1EEC902FB3688F002B3BF6 /* ViewController.swift */ = {isa = PBXFileReference; lastKnownFileType = sourcecode.swift; path = ViewController.swift; sourceTree = "<group>"; };
		ED1EEC9E2FB36C97002B3BF6 /* CustomTabBarVC.swift */ = {isa = PBXFileReference; lastKnownFileType = sourcecode.swift; path = CustomTabBarVC.swift; sourceTree = "<group>"; };
		ED1EECA12FB36CAA002B3BF6 /* CustomTabBarView.swift */ = {isa = PBXFileReference; lastKnownFileType = sourcecode.swift; path = CustomTabBarView.swift; sourceTree = "<group>"; };
		ED1EECA52FB36CEC002B3BF6 /* TeamsVC.swift */ = {isa = PBXFileReference; lastKnownFileType = sourcecode.swift; path = TeamsVC.swift; sourceTree = "<group>"; };
		ED1EECA82FB36CFD002B3BF6 /* TeamsView.swift */ = {isa = PBXFileReference; lastKnownFileType = sourcecode.swift; path = TeamsView.swift; sourceTree = "<group>"; };
		ED1EECAB2FB36D16002B3BF6 /* TournamentsVC.swift */ = {isa = PBXFileReference; lastKnownFileType = sourcecode.swift; path = TournamentsVC.swift; sourceTree = "<group>"; };
		ED1EECAE2FB36D25002B3BF6 /* TournamentsView.swift */ = {isa = PBXFileReference; lastKnownFileType = sourcecode.swift; path = TournamentsView.swift; sourceTree = "<group>"; };
		ED1EECB12FB36D3F002B3BF6 /* ProfileVC.swift */ = {isa = PBXFileReference; lastKnownFileType = sourcecode.swift; path = ProfileVC.swift; sourceTree = "<group>"; };
		ED1EECB42FB36D4E002B3BF6 /* ProfileView.swift */ = {isa = PBXFileReference; lastKnownFileType = sourcecode.swift; path = ProfileView.swift; sourceTree = "<group>"; };
		ED1EECB92FB36D8D002B3BF6 /* NewTournamentVC.swift */ = {isa = PBXFileReference; lastKnownFileType = sourcecode.swift; path = NewTournamentVC.swift; sourceTree = "<group>"; };
		ED1EECBC2FB36DB1002B3BF6 /* NewTournamentView.swift */ = {isa = PBXFileReference; lastKnownFileType = sourcecode.swift; path = NewTournamentView.swift; sourceTree = "<group>"; };
		ED1EECBF2FB36EAE002B3BF6 /* CreateTeamVC.swift */ = {isa = PBXFileReference; lastKnownFileType = sourcecode.swift; path = CreateTeamVC.swift; sourceTree = "<group>"; };
		ED1EECC22FB36EC8002B3BF6 /* CreateTeamView.swift */ = {isa = PBXFileReference; lastKnownFileType = sourcecode.swift; path = CreateTeamView.swift; sourceTree = "<group>"; };
		ED1EECC52FB37174002B3BF6 /* OnboardingVC.swift */ = {isa = PBXFileReference; lastKnownFileType = sourcecode.swift; path = OnboardingVC.swift; sourceTree = "<group>"; };
		ED1EECC82FB37184002B3BF6 /* OnboardingView.swift */ = {isa = PBXFileReference; lastKnownFileType = sourcecode.swift; path = OnboardingView.swift; sourceTree = "<group>"; };
		ED1EECCB2FB371E7002B3BF6 /* PlayerCardVC.swift */ = {isa = PBXFileReference; lastKnownFileType = sourcecode.swift; path = PlayerCardVC.swift; sourceTree = "<group>"; };
		ED1EECCE2FB371FB002B3BF6 /* PlayerCardView.swift */ = {isa = PBXFileReference; lastKnownFileType = sourcecode.swift; path = PlayerCardView.swift; sourceTree = "<group>"; };
		ED1EECD12FB372F7002B3BF6 /* AddPlayerVC.swift */ = {isa = PBXFileReference; lastKnownFileType = sourcecode.swift; path = AddPlayerVC.swift; sourceTree = "<group>"; };
		ED1EECD42FB37306002B3BF6 /* AddPlayerView.swift */ = {isa = PBXFileReference; lastKnownFileType = sourcecode.swift; path = AddPlayerView.swift; sourceTree = "<group>"; };
		ED1EECE12FB37807002B3BF6 /* RemoteConfigService.swift */ = {isa = PBXFileReference; lastKnownFileType = sourcecode.swift; path = RemoteConfigService.swift; sourceTree = "<group>"; };
		ED1EECE32FB37F66002B3BF6 /* GoogleService-Info.plist */ = {isa = PBXFileReference; lastKnownFileType = text.plist.xml; path = "GoogleService-Info.plist"; sourceTree = "<group>"; };
		ED1EECE52FB384FB002B3BF6 /* UIView.swift */ = {isa = PBXFileReference; lastKnownFileType = sourcecode.swift; path = UIView.swift; sourceTree = "<group>"; };
/* End PBXFileReference section */

/* Begin PBXFrameworksBuildPhase section */
		ED1EEC6D2FB36889002B3BF6 /* Frameworks */ = {
			isa = PBXFrameworksBuildPhase;
			buildActionMask = 2147483647;
			files = (
				ED1EECE02FB375FF002B3BF6 /* FirebaseRemoteConfig in Frameworks */,
				ED1EECDE2FB375FF002B3BF6 /* FirebaseMessaging in Frameworks */,
				ED1EECDB2FB375D9002B3BF6 /* SnapKit in Frameworks */,
			);
			runOnlyForDeploymentPostprocessing = 0;
		};
/* End PBXFrameworksBuildPhase section */

/* Begin PBXGroup section */
		ED1EEC672FB36889002B3BF6 = {
			isa = PBXGroup;
			children = (
				ED1EEC912FB3688F002B3BF6 /* ProMatch */,
				ED1EEC712FB36889002B3BF6 /* Products */,
			);
			sourceTree = "<group>";
		};
		ED1EEC712FB36889002B3BF6 /* Products */ = {
			isa = PBXGroup;
			children = (
				ED1EEC702FB36889002B3BF6 /* ProMatch.app */,
			);
			name = Products;
			sourceTree = "<group>";
		};
		ED1EEC912FB3688F002B3BF6 /* ProMatch */ = {
			isa = PBXGroup;
			children = (
				ED1EECE32FB37F66002B3BF6 /* GoogleService-Info.plist */,
				ED1EEC992FB36891002B3BF6 /* App */,
				ED1EEC9B2FB36A64002B3BF6 /* Sources */,
				ED1EEC9A2FB36A5F002B3BF6 /* Modules */,
				ED1EEC9C2FB36A6D002B3BF6 /* Resources */,
				ED1EEC8A2FB3688F002B3BF6 /* Info.plist */,
				ED1EEC902FB3688F002B3BF6 /* ViewController.swift */,
			);
			path = ProMatch;
			sourceTree = "<group>";
		};
		ED1EEC992FB36891002B3BF6 /* App */ = {
			isa = PBXGroup;
			children = (
				ED1EEC882FB3688F002B3BF6 /* AppDelegate.swift */,
				ED1EEC8F2FB3688F002B3BF6 /* SceneDelegate.swift */,
			);
			path = App;
			sourceTree = "<group>";
		};
		ED1EEC9A2FB36A5F002B3BF6 /* Modules */ = {
			isa = PBXGroup;
			children = (
				ED1EECD02FB372F1002B3BF6 /* AddPlayer */,
				ED1EECCA2FB371E3002B3BF6 /* PlayerCard */,
				ED1EECC42FB3716E002B3BF6 /* Onboarding */,
				ED1EECBE2FB36EA8002B3BF6 /* CreateTeam */,
				ED1EECB62FB36D83002B3BF6 /* NewTournament */,
				ED1EECB02FB36D3B002B3BF6 /* Profile */,
				ED1EECAA2FB36D11002B3BF6 /* Tournaments */,
				ED1EECA42FB36CE4002B3BF6 /* Teams */,
				ED1EEC9D2FB36C92002B3BF6 /* TabBar */,
			);
			path = Modules;
			sourceTree = "<group>";
		};
		ED1EEC9B2FB36A64002B3BF6 /* Sources */ = {
			isa = PBXGroup;
			children = (
				ED1EECD82FB3753F002B3BF6 /* Services */,
				ED1EECD62FB3751F002B3BF6 /* Extensions */,
			);
			path = Sources;
			sourceTree = "<group>";
		};
		ED1EEC9C2FB36A6D002B3BF6 /* Resources */ = {
			isa = PBXGroup;
			children = (
				ED1EEC8C2FB3688F002B3BF6 /* LaunchScreen.storyboard */,
				ED1EEC892FB3688F002B3BF6 /* Assets.xcassets */,
			);
			path = Resources;
			sourceTree = "<group>";
		};
		ED1EEC9D2FB36C92002B3BF6 /* TabBar */ = {
			isa = PBXGroup;
			children = (
				ED1EECA02FB36CA7002B3BF6 /* Views */,
				ED1EEC9E2FB36C97002B3BF6 /* CustomTabBarVC.swift */,
			);
			path = TabBar;
			sourceTree = "<group>";
		};
		ED1EECA02FB36CA7002B3BF6 /* Views */ = {
			isa = PBXGroup;
			children = (
				ED1EECA32FB36CDB002B3BF6 /* Subviews */,
				ED1EECA12FB36CAA002B3BF6 /* CustomTabBarView.swift */,
			);
			path = Views;
			sourceTree = "<group>";
		};
		ED1EECA32FB36CDB002B3BF6 /* Subviews */ = {
			isa = PBXGroup;
			children = (
			);
			path = Subviews;
			sourceTree = "<group>";
		};
		ED1EECA42FB36CE4002B3BF6 /* Teams */ = {
			isa = PBXGroup;
			children = (
				ED1EECA72FB36CF9002B3BF6 /* Views */,
				ED1EECA52FB36CEC002B3BF6 /* TeamsVC.swift */,
			);
			path = Teams;
			sourceTree = "<group>";
		};
		ED1EECA72FB36CF9002B3BF6 /* Views */ = {
			isa = PBXGroup;
			children = (
				ED1EECA82FB36CFD002B3BF6 /* TeamsView.swift */,
			);
			path = Views;
			sourceTree = "<group>";
		};
		ED1EECAA2FB36D11002B3BF6 /* Tournaments */ = {
			isa = PBXGroup;
			children = (
				ED1EECAD2FB36D22002B3BF6 /* Views */,
				ED1EECAB2FB36D16002B3BF6 /* TournamentsVC.swift */,
			);
			path = Tournaments;
			sourceTree = "<group>";
		};
		ED1EECAD2FB36D22002B3BF6 /* Views */ = {
			isa = PBXGroup;
			children = (
				ED1EECAE2FB36D25002B3BF6 /* TournamentsView.swift */,
			);
			path = Views;
			sourceTree = "<group>";
		};
		ED1EECB02FB36D3B002B3BF6 /* Profile */ = {
			isa = PBXGroup;
			children = (
				ED1EECB32FB36D4C002B3BF6 /* Views */,
				ED1EECB12FB36D3F002B3BF6 /* ProfileVC.swift */,
			);
			path = Profile;
			sourceTree = "<group>";
		};
		ED1EECB32FB36D4C002B3BF6 /* Views */ = {
			isa = PBXGroup;
			children = (
				ED1EECB42FB36D4E002B3BF6 /* ProfileView.swift */,
			);
			path = Views;
			sourceTree = "<group>";
		};
		ED1EECB62FB36D83002B3BF6 /* NewTournament */ = {
			isa = PBXGroup;
			children = (
				ED1EECBB2FB36DAE002B3BF6 /* Views */,
				ED1EECB92FB36D8D002B3BF6 /* NewTournamentVC.swift */,
			);
			path = NewTournament;
			sourceTree = "<group>";
		};
		ED1EECBB2FB36DAE002B3BF6 /* Views */ = {
			isa = PBXGroup;
			children = (
				ED1EECBC2FB36DB1002B3BF6 /* NewTournamentView.swift */,
			);
			path = Views;
			sourceTree = "<group>";
		};
		ED1EECBE2FB36EA8002B3BF6 /* CreateTeam */ = {
			isa = PBXGroup;
			children = (
				ED1EECC12FB36EC5002B3BF6 /* Views */,
				ED1EECBF2FB36EAE002B3BF6 /* CreateTeamVC.swift */,
			);
			path = CreateTeam;
			sourceTree = "<group>";
		};
		ED1EECC12FB36EC5002B3BF6 /* Views */ = {
			isa = PBXGroup;
			children = (
				ED1EECC22FB36EC8002B3BF6 /* CreateTeamView.swift */,
			);
			path = Views;
			sourceTree = "<group>";
		};
		ED1EECC42FB3716E002B3BF6 /* Onboarding */ = {
			isa = PBXGroup;
			children = (
				ED1EECC72FB37181002B3BF6 /* Views */,
				ED1EECC52FB37174002B3BF6 /* OnboardingVC.swift */,
			);
			path = Onboarding;
			sourceTree = "<group>";
		};
		ED1EECC72FB37181002B3BF6 /* Views */ = {
			isa = PBXGroup;
			children = (
				ED1EECC82FB37184002B3BF6 /* OnboardingView.swift */,
			);
			path = Views;
			sourceTree = "<group>";
		};
		ED1EECCA2FB371E3002B3BF6 /* PlayerCard */ = {
			isa = PBXGroup;
			children = (
				ED1EECCD2FB371F7002B3BF6 /* Views */,
				ED1EECCB2FB371E7002B3BF6 /* PlayerCardVC.swift */,
			);
			path = PlayerCard;
			sourceTree = "<group>";
		};
		ED1EECCD2FB371F7002B3BF6 /* Views */ = {
			isa = PBXGroup;
			children = (
				ED1EECCE2FB371FB002B3BF6 /* PlayerCardView.swift */,
			);
			path = Views;
			sourceTree = "<group>";
		};
		ED1EECD02FB372F1002B3BF6 /* AddPlayer */ = {
			isa = PBXGroup;
			children = (
				ED1EECD32FB37303002B3BF6 /* Views */,
				ED1EECD12FB372F7002B3BF6 /* AddPlayerVC.swift */,
			);
			path = AddPlayer;
			sourceTree = "<group>";
		};
		ED1EECD32FB37303002B3BF6 /* Views */ = {
			isa = PBXGroup;
			children = (
				ED1EECD42FB37306002B3BF6 /* AddPlayerView.swift */,
			);
			path = Views;
			sourceTree = "<group>";
		};
		ED1EECD62FB3751F002B3BF6 /* Extensions */ = {
			isa = PBXGroup;
			children = (
				ED1EECE52FB384FB002B3BF6 /* UIView.swift */,
			);
			path = Extensions;
			sourceTree = "<group>";
		};
		ED1EECD82FB3753F002B3BF6 /* Services */ = {
			isa = PBXGroup;
			children = (
				ED1EECE12FB37807002B3BF6 /* RemoteConfigService.swift */,
			);
			path = Services;
			sourceTree = "<group>";
		};
/* End PBXGroup section */

/* Begin PBXNativeTarget section */
		ED1EEC6F2FB36889002B3BF6 /* ProMatch */ = {
			isa = PBXNativeTarget;
			buildConfigurationList = ED1EEC832FB3688B002B3BF6 /* Build configuration list for PBXNativeTarget "ProMatch" */;
			buildPhases = (
				ED1EEC6C2FB36889002B3BF6 /* Sources */,
				ED1EEC6D2FB36889002B3BF6 /* Frameworks */,
				ED1EEC6E2FB36889002B3BF6 /* Resources */,
			);
			buildRules = (
			);
			dependencies = (
			);
			name = ProMatch;
			packageProductDependencies = (
				ED1EECDA2FB375D9002B3BF6 /* SnapKit */,
				ED1EECDD2FB375FF002B3BF6 /* FirebaseMessaging */,
				ED1EECDF2FB375FF002B3BF6 /* FirebaseRemoteConfig */,
			);
			productName = ProMatch;
			productReference = ED1EEC702FB36889002B3BF6 /* ProMatch.app */;
			productType = "com.apple.product-type.application";
		};
/* End PBXNativeTarget section */

/* Begin PBXProject section */
		ED1EEC682FB36889002B3BF6 /* Project object */ = {
			isa = PBXProject;
			attributes = {
				BuildIndependentTargetsInParallel = 1;
				LastSwiftUpdateCheck = 2650;
				LastUpgradeCheck = 2650;
				TargetAttributes = {
					ED1EEC6F2FB36889002B3BF6 = {
						CreatedOnToolsVersion = 26.5;
					};
				};
			};
			buildConfigurationList = ED1EEC6B2FB36889002B3BF6 /* Build configuration list for PBXProject "ProMatch" */;
			developmentRegion = en;
			hasScannedForEncodings = 0;
			knownRegions = (
				en,
				Base,
			);
			mainGroup = ED1EEC672FB36889002B3BF6;
			minimizedProjectReferenceProxies = 1;
			packageReferences = (
				ED1EECD92FB375D9002B3BF6 /* XCRemoteSwiftPackageReference "SnapKit" */,
				ED1EECDC2FB375FF002B3BF6 /* XCRemoteSwiftPackageReference "firebase-ios-sdk" */,
			);
			preferredProjectObjectVersion = 77;
			productRefGroup = ED1EEC712FB36889002B3BF6 /* Products */;
			projectDirPath = "";
			projectRoot = "";
			targets = (
				ED1EEC6F2FB36889002B3BF6 /* ProMatch */,
			);
		};
/* End PBXProject section */

/* Begin PBXResourcesBuildPhase section */
		ED1EEC6E2FB36889002B3BF6 /* Resources */ = {
			isa = PBXResourcesBuildPhase;
			buildActionMask = 2147483647;
			files = (
				ED1EEC922FB3688F002B3BF6 /* Assets.xcassets in Resources */,
				ED1EEC942FB3688F002B3BF6 /* LaunchScreen.storyboard in Resources */,
				ED1EECE42FB37F66002B3BF6 /* GoogleService-Info.plist in Resources */,
			);
			runOnlyForDeploymentPostprocessing = 0;
		};
/* End PBXResourcesBuildPhase section */

/* Begin PBXSourcesBuildPhase section */
		ED1EEC6C2FB36889002B3BF6 /* Sources */ = {
			isa = PBXSourcesBuildPhase;
			buildActionMask = 2147483647;
			files = (
				ED1EECA62FB36CEC002B3BF6 /* TeamsVC.swift in Sources */,
				ED1EEC962FB3688F002B3BF6 /* AppDelegate.swift in Sources */,
				ED1EECC02FB36EAF002B3BF6 /* CreateTeamVC.swift in Sources */,
				ED1EECAC2FB36D16002B3BF6 /* TournamentsVC.swift in Sources */,
				ED1EECAF2FB36D25002B3BF6 /* TournamentsView.swift in Sources */,
				ED1EECC62FB37174002B3BF6 /* OnboardingVC.swift in Sources */,
				ED1EECD22FB372F7002B3BF6 /* AddPlayerVC.swift in Sources */,
				ED1EECE62FB38500002B3BF6 /* UIView.swift in Sources */,
				ED1EECE22FB3780D002B3BF6 /* RemoteConfigService.swift in Sources */,
				ED1EECA92FB36CFD002B3BF6 /* TeamsView.swift in Sources */,
				ED1EECCF2FB371FB002B3BF6 /* PlayerCardView.swift in Sources */,
				ED1EECD52FB37307002B3BF6 /* AddPlayerView.swift in Sources */,
				ED1EECC32FB36EC8002B3BF6 /* CreateTeamView.swift in Sources */,
				ED1EECA22FB36CAB002B3BF6 /* CustomTabBarView.swift in Sources */,
				ED1EECBA2FB36D8D002B3BF6 /* NewTournamentVC.swift in Sources */,
				ED1EECB22FB36D3F002B3BF6 /* ProfileVC.swift in Sources */,
				ED1EECC92FB37184002B3BF6 /* OnboardingView.swift in Sources */,
				ED1EECCC2FB371E7002B3BF6 /* PlayerCardVC.swift in Sources */,
				ED1EECB52FB36D4E002B3BF6 /* ProfileView.swift in Sources */,
				ED1EEC972FB3688F002B3BF6 /* SceneDelegate.swift in Sources */,
				ED1EECBD2FB36DB2002B3BF6 /* NewTournamentView.swift in Sources */,
				ED1EEC9F2FB36C97002B3BF6 /* CustomTabBarVC.swift in Sources */,
				ED1EEC982FB3688F002B3BF6 /* ViewController.swift in Sources */,
			);
			runOnlyForDeploymentPostprocessing = 0;
		};
/* End PBXSourcesBuildPhase section */

/* Begin PBXVariantGroup section */
		ED1EEC8C2FB3688F002B3BF6 /* LaunchScreen.storyboard */ = {
			isa = PBXVariantGroup;
			children = (
				ED1EEC8B2FB3688F002B3BF6 /* Base */,
			);
			name = LaunchScreen.storyboard;
			sourceTree = "<group>";
		};
/* End PBXVariantGroup section */

/* Begin XCBuildConfiguration section */
		ED1EEC842FB3688B002B3BF6 /* Debug */ = {
			isa = XCBuildConfiguration;
			buildSettings = {
				ASSETCATALOG_COMPILER_APPICON_NAME = AppIcon;
				ASSETCATALOG_COMPILER_GLOBAL_ACCENT_COLOR_NAME = AccentColor;
				CODE_SIGN_STYLE = Automatic;
				CURRENT_PROJECT_VERSION = 1;
				DEVELOPMENT_TEAM = A673JD59FG;
				GENERATE_INFOPLIST_FILE = YES;
				INFOPLIST_FILE = ProMatch/Info.plist;
				INFOPLIST_KEY_UIApplicationSupportsIndirectInputEvents = YES;
				INFOPLIST_KEY_UILaunchStoryboardName = LaunchScreen;
				INFOPLIST_KEY_UISupportedInterfaceOrientations = UIInterfaceOrientationPortrait;
				INFOPLIST_KEY_UISupportedInterfaceOrientations_iPad = "UIInterfaceOrientationLandscapeLeft UIInterfaceOrientationLandscapeRight UIInterfaceOrientationPortrait UIInterfaceOrientationPortraitUpsideDown";
				IPHONEOS_DEPLOYMENT_TARGET = 16.0;
				LD_RUNPATH_SEARCH_PATHS = (
					"$(inherited)",
					"@executable_path/Frameworks",
				);
				MARKETING_VERSION = 1.0;
				PRODUCT_BUNDLE_IDENTIFIER = com.andreichenko.ProMatch;
				PRODUCT_NAME = "$(TARGET_NAME)";
				STRING_CATALOG_GENERATE_SYMBOLS = YES;
				SUPPORTED_PLATFORMS = "iphoneos iphonesimulator";
				SUPPORTS_MACCATALYST = NO;
				SUPPORTS_MAC_DESIGNED_FOR_IPHONE_IPAD = NO;
				SUPPORTS_XR_DESIGNED_FOR_IPHONE_IPAD = NO;
				SWIFT_APPROACHABLE_CONCURRENCY = YES;
				SWIFT_DEFAULT_ACTOR_ISOLATION = MainActor;
				SWIFT_EMIT_LOC_STRINGS = YES;
				SWIFT_UPCOMING_FEATURE_MEMBER_IMPORT_VISIBILITY = YES;
				SWIFT_VERSION = 5.0;
				TARGETED_DEVICE_FAMILY = 1;
			};
			name = Debug;
		};
		ED1EEC852FB3688B002B3BF6 /* Release */ = {
			isa = XCBuildConfiguration;
			buildSettings = {
				ASSETCATALOG_COMPILER_APPICON_NAME = AppIcon;
				ASSETCATALOG_COMPILER_GLOBAL_ACCENT_COLOR_NAME = AccentColor;
				CODE_SIGN_STYLE = Automatic;
				CURRENT_PROJECT_VERSION = 1;
				DEVELOPMENT_TEAM = A673JD59FG;
				GENERATE_INFOPLIST_FILE = YES;
				INFOPLIST_FILE = ProMatch/Info.plist;
				INFOPLIST_KEY_UIApplicationSupportsIndirectInputEvents = YES;
				INFOPLIST_KEY_UILaunchStoryboardName = LaunchScreen;
				INFOPLIST_KEY_UISupportedInterfaceOrientations = UIInterfaceOrientationPortrait;
				INFOPLIST_KEY_UISupportedInterfaceOrientations_iPad = "UIInterfaceOrientationLandscapeLeft UIInterfaceOrientationLandscapeRight UIInterfaceOrientationPortrait UIInterfaceOrientationPortraitUpsideDown";
				IPHONEOS_DEPLOYMENT_TARGET = 16.0;
				LD_RUNPATH_SEARCH_PATHS = (
					"$(inherited)",
					"@executable_path/Frameworks",
				);
				MARKETING_VERSION = 1.0;
				PRODUCT_BUNDLE_IDENTIFIER = com.andreichenko.ProMatch;
				PRODUCT_NAME = "$(TARGET_NAME)";
				STRING_CATALOG_GENERATE_SYMBOLS = YES;
				SUPPORTED_PLATFORMS = "iphoneos iphonesimulator";
				SUPPORTS_MACCATALYST = NO;
				SUPPORTS_MAC_DESIGNED_FOR_IPHONE_IPAD = NO;
				SUPPORTS_XR_DESIGNED_FOR_IPHONE_IPAD = NO;
				SWIFT_APPROACHABLE_CONCURRENCY = YES;
				SWIFT_DEFAULT_ACTOR_ISOLATION = MainActor;
				SWIFT_EMIT_LOC_STRINGS = YES;
				SWIFT_UPCOMING_FEATURE_MEMBER_IMPORT_VISIBILITY = YES;
				SWIFT_VERSION = 5.0;
				TARGETED_DEVICE_FAMILY = 1;
			};
			name = Release;
		};
		ED1EEC862FB3688B002B3BF6 /* Debug */ = {
			isa = XCBuildConfiguration;
			buildSettings = {
				ALWAYS_SEARCH_USER_PATHS = NO;
				ASSETCATALOG_COMPILER_GENERATE_SWIFT_ASSET_SYMBOL_EXTENSIONS = YES;
				CLANG_ANALYZER_NONNULL = YES;
				CLANG_ANALYZER_NUMBER_OBJECT_CONVERSION = YES_AGGRESSIVE;
				CLANG_CXX_LANGUAGE_STANDARD = "gnu++20";
				CLANG_ENABLE_MODULES = YES;
				CLANG_ENABLE_OBJC_ARC = YES;
				CLANG_ENABLE_OBJC_WEAK = YES;
				CLANG_WARN_BLOCK_CAPTURE_AUTORELEASING = YES;
				CLANG_WARN_BOOL_CONVERSION = YES;
				CLANG_WARN_COMMA = YES;
				CLANG_WARN_CONSTANT_CONVERSION = YES;
				CLANG_WARN_DEPRECATED_OBJC_IMPLEMENTATIONS = YES;
				CLANG_WARN_DIRECT_OBJC_ISA_USAGE = YES_ERROR;
				CLANG_WARN_DOCUMENTATION_COMMENTS = YES;
				CLANG_WARN_EMPTY_BODY = YES;
				CLANG_WARN_ENUM_CONVERSION = YES;
				CLANG_WARN_INFINITE_RECURSION = YES;
				CLANG_WARN_INT_CONVERSION = YES;
				CLANG_WARN_NON_LITERAL_NULL_CONVERSION = YES;
				CLANG_WARN_OBJC_IMPLICIT_RETAIN_SELF = YES;
				CLANG_WARN_OBJC_LITERAL_CONVERSION = YES;
				CLANG_WARN_OBJC_ROOT_CLASS = YES_ERROR;
				CLANG_WARN_QUOTED_INCLUDE_IN_FRAMEWORK_HEADER = YES;
				CLANG_WARN_RANGE_LOOP_ANALYSIS = YES;
				CLANG_WARN_STRICT_PROTOTYPES = YES;
				CLANG_WARN_SUSPICIOUS_MOVE = YES;
				CLANG_WARN_UNGUARDED_AVAILABILITY = YES_AGGRESSIVE;
				CLANG_WARN_UNREACHABLE_CODE = YES;
				CLANG_WARN__DUPLICATE_METHOD_MATCH = YES;
				COPY_PHASE_STRIP = NO;
				DEBUG_INFORMATION_FORMAT = dwarf;
				DEVELOPMENT_TEAM = A673JD59FG;
				ENABLE_STRICT_OBJC_MSGSEND = YES;
				ENABLE_TESTABILITY = YES;
				ENABLE_USER_SCRIPT_SANDBOXING = YES;
				GCC_C_LANGUAGE_STANDARD = gnu17;
				GCC_DYNAMIC_NO_PIC = NO;
				GCC_NO_COMMON_BLOCKS = YES;
				GCC_OPTIMIZATION_LEVEL = 0;
				GCC_PREPROCESSOR_DEFINITIONS = (
					"DEBUG=1",
					"$(inherited)",
				);
				GCC_WARN_64_TO_32_BIT_CONVERSION = YES;
				GCC_WARN_ABOUT_RETURN_TYPE = YES_ERROR;
				GCC_WARN_UNDECLARED_SELECTOR = YES;
				GCC_WARN_UNINITIALIZED_AUTOS = YES_AGGRESSIVE;
				GCC_WARN_UNUSED_FUNCTION = YES;
				GCC_WARN_UNUSED_VARIABLE = YES;
				IPHONEOS_DEPLOYMENT_TARGET = 26.5;
				LOCALIZATION_PREFERS_STRING_CATALOGS = YES;
				MTL_ENABLE_DEBUG_INFO = INCLUDE_SOURCE;
				MTL_FAST_MATH = YES;
				ONLY_ACTIVE_ARCH = YES;
				SDKROOT = iphoneos;
				SWIFT_ACTIVE_COMPILATION_CONDITIONS = "DEBUG $(inherited)";
				SWIFT_OPTIMIZATION_LEVEL = "-Onone";
			};
			name = Debug;
		};
		ED1EEC872FB3688B002B3BF6 /* Release */ = {
			isa = XCBuildConfiguration;
			buildSettings = {
				ALWAYS_SEARCH_USER_PATHS = NO;
				ASSETCATALOG_COMPILER_GENERATE_SWIFT_ASSET_SYMBOL_EXTENSIONS = YES;
				CLANG_ANALYZER_NONNULL = YES;
				CLANG_ANALYZER_NUMBER_OBJECT_CONVERSION = YES_AGGRESSIVE;
				CLANG_CXX_LANGUAGE_STANDARD = "gnu++20";
				CLANG_ENABLE_MODULES = YES;
				CLANG_ENABLE_OBJC_ARC = YES;
				CLANG_ENABLE_OBJC_WEAK = YES;
				CLANG_WARN_BLOCK_CAPTURE_AUTORELEASING = YES;
				CLANG_WARN_BOOL_CONVERSION = YES;
				CLANG_WARN_COMMA = YES;
				CLANG_WARN_CONSTANT_CONVERSION = YES;
				CLANG_WARN_DEPRECATED_OBJC_IMPLEMENTATIONS = YES;
				CLANG_WARN_DIRECT_OBJC_ISA_USAGE = YES_ERROR;
				CLANG_WARN_DOCUMENTATION_COMMENTS = YES;
				CLANG_WARN_EMPTY_BODY = YES;
				CLANG_WARN_ENUM_CONVERSION = YES;
				CLANG_WARN_INFINITE_RECURSION = YES;
				CLANG_WARN_INT_CONVERSION = YES;
				CLANG_WARN_NON_LITERAL_NULL_CONVERSION = YES;
				CLANG_WARN_OBJC_IMPLICIT_RETAIN_SELF = YES;
				CLANG_WARN_OBJC_LITERAL_CONVERSION = YES;
				CLANG_WARN_OBJC_ROOT_CLASS = YES_ERROR;
				CLANG_WARN_QUOTED_INCLUDE_IN_FRAMEWORK_HEADER = YES;
				CLANG_WARN_RANGE_LOOP_ANALYSIS = YES;
				CLANG_WARN_STRICT_PROTOTYPES = YES;
				CLANG_WARN_SUSPICIOUS_MOVE = YES;
				CLANG_WARN_UNGUARDED_AVAILABILITY = YES_AGGRESSIVE;
				CLANG_WARN_UNREACHABLE_CODE = YES;
				CLANG_WARN__DUPLICATE_METHOD_MATCH = YES;
				COPY_PHASE_STRIP = NO;
				DEBUG_INFORMATION_FORMAT = "dwarf-with-dsym";
				DEVELOPMENT_TEAM = A673JD59FG;
				ENABLE_NS_ASSERTIONS = NO;
				ENABLE_STRICT_OBJC_MSGSEND = YES;
				ENABLE_USER_SCRIPT_SANDBOXING = YES;
				GCC_C_LANGUAGE_STANDARD = gnu17;
				GCC_NO_COMMON_BLOCKS = YES;
				GCC_WARN_64_TO_32_BIT_CONVERSION = YES;
				GCC_WARN_ABOUT_RETURN_TYPE = YES_ERROR;
				GCC_WARN_UNDECLARED_SELECTOR = YES;
				GCC_WARN_UNINITIALIZED_AUTOS = YES_AGGRESSIVE;
				GCC_WARN_UNUSED_FUNCTION = YES;
				GCC_WARN_UNUSED_VARIABLE = YES;
				IPHONEOS_DEPLOYMENT_TARGET = 26.5;
				LOCALIZATION_PREFERS_STRING_CATALOGS = YES;
				MTL_ENABLE_DEBUG_INFO = NO;
				MTL_FAST_MATH = YES;
				SDKROOT = iphoneos;
				SWIFT_COMPILATION_MODE = wholemodule;
				VALIDATE_PRODUCT = YES;
			};
			name = Release;
		};
/* End XCBuildConfiguration section */

/* Begin XCConfigurationList section */
		ED1EEC6B2FB36889002B3BF6 /* Build configuration list for PBXProject "ProMatch" */ = {
			isa = XCConfigurationList;
			buildConfigurations = (
				ED1EEC862FB3688B002B3BF6 /* Debug */,
				ED1EEC872FB3688B002B3BF6 /* Release */,
			);
			defaultConfigurationIsVisible = 0;
			defaultConfigurationName = Release;
		};
		ED1EEC832FB3688B002B3BF6 /* Build configuration list for PBXNativeTarget "ProMatch" */ = {
			isa = XCConfigurationList;
			buildConfigurations = (
				ED1EEC842FB3688B002B3BF6 /* Debug */,
				ED1EEC852FB3688B002B3BF6 /* Release */,
			);
			defaultConfigurationIsVisible = 0;
			defaultConfigurationName = Release;
		};
/* End XCConfigurationList section */

/* Begin XCRemoteSwiftPackageReference section */
		ED1EECD92FB375D9002B3BF6 /* XCRemoteSwiftPackageReference "SnapKit" */ = {
			isa = XCRemoteSwiftPackageReference;
			repositoryURL = "https://github.com/SnapKit/SnapKit.git";
			requirement = {
				kind = upToNextMajorVersion;
				minimumVersion = 5.7.1;
			};
		};
		ED1EECDC2FB375FF002B3BF6 /* XCRemoteSwiftPackageReference "firebase-ios-sdk" */ = {
			isa = XCRemoteSwiftPackageReference;
			repositoryURL = "https://github.com/firebase/firebase-ios-sdk";
			requirement = {
				kind = upToNextMajorVersion;
				minimumVersion = 12.13.0;
			};
		};
/* End XCRemoteSwiftPackageReference section */

/* Begin XCSwiftPackageProductDependency section */
		ED1EECDA2FB375D9002B3BF6 /* SnapKit */ = {
			isa = XCSwiftPackageProductDependency;
			package = ED1EECD92FB375D9002B3BF6 /* XCRemoteSwiftPackageReference "SnapKit" */;
			productName = SnapKit;
		};
		ED1EECDD2FB375FF002B3BF6 /* FirebaseMessaging */ = {
			isa = XCSwiftPackageProductDependency;
			package = ED1EECDC2FB375FF002B3BF6 /* XCRemoteSwiftPackageReference "firebase-ios-sdk" */;
			productName = FirebaseMessaging;
		};
		ED1EECDF2FB375FF002B3BF6 /* FirebaseRemoteConfig */ = {
			isa = XCSwiftPackageProductDependency;
			package = ED1EECDC2FB375FF002B3BF6 /* XCRemoteSwiftPackageReference "firebase-ios-sdk" */;
			productName = FirebaseRemoteConfig;
		};
/* End XCSwiftPackageProductDependency section */
	};
	rootObject = ED1EEC682FB36889002B3BF6 /* Project object */;
}
